
Microsoft Visual Studio Solution File, Format Version 12.00
# Visual Studio Version 16
VisualStudioVersion = 16.0.30907.101
MinimumVisualStudioVersion = 10.0.40219.1
Project("{FAE04EC0-301F-11D3-BF4B-00C04F79EFBC}") = "UniversityTimetable", "UniversityTimetable\UniversityTimetable.csproj", "{68C9E6EA-E27B-4B09-93B4-3D8005AFDD01}"
EndProject
Global
	GlobalSection(SolutionConfigurationPlatforms) = preSolution
		Debug|Any CPU = Debug|Any CPU
		Release|Any CPU = Release|Any CPU
	EndGlobalSection
	GlobalSection(ProjectConfigurationPlatforms) = postSolution
		{68C9E6EA-E27B-4B09-93B4-3D8005AFDD01}.Debug|Any CPU.ActiveCfg = Debug|Any CPU
		{68C9E6EA-E27B-4B09-93B4-3D8005AFDD01}.Debug|Any CPU.Build.0 = Debug|Any CPU
		{68C9E6EA-E27B-4B09-93B4-3D8005AFDD01}.Release|Any CPU.ActiveCfg = Release|Any CPU
		{68C9E6EA-E27B-4B09-93B4-3D8005AFDD01}.Release|Any CPU.Build.0 = Release|Any CPU
	EndGlobalSection
	GlobalSection(SolutionProperties) = preSolution
		HideSolutionNode = FALSE
	EndGlobalSection
	GlobalSection(ExtensibilityGlobals) = postSolution
		SolutionGuid = {ED5D1F4C-CEA8-48B6-8182-2838E273E9E6}
	EndGlobalSection
EndGlobal
